
Microsoft Visual Studio Solution File, Format Version 12.00
# Visual Studio 2012
VisualStudioVersion = 14.0.25420.1
MinimumVisualStudioVersion = 10.0.40219.1
Project("{FAE04EC0-301F-11D3-BF4B-00C04F79EFBC}") = "mugo", "mugo\mugo.csproj", "{0A1E9C18-CE91-4A61-A246-DE28A7510AA2}"
EndProject
Project("{FAE04EC0-301F-11D3-BF4B-00C04F79EFBC}") = "engine", "cgimin\engine\engine.csproj", "{957D9C3C-F774-49C7-BFC0-725E52CD20C3}"
EndProject
Global
	GlobalSection(SolutionConfigurationPlatforms) = preSolution
		Debug|Any CPU = Debug|Any CPU
		Release|Any CPU = Release|Any CPU
	EndGlobalSection
	GlobalSection(ProjectConfigurationPlatforms) = postSolution
		{0A1E9C18-CE91-4A61-A246-DE28A7510AA2}.Debug|Any CPU.ActiveCfg = Debug|Any CPU
		{0A1E9C18-CE91-4A61-A246-DE28A7510AA2}.Debug|Any CPU.Build.0 = Debug|Any CPU
		{0A1E9C18-CE91-4A61-A246-DE28A7510AA2}.Release|Any CPU.ActiveCfg = Release|Any CPU
		{0A1E9C18-CE91-4A61-A246-DE28A7510AA2}.Release|Any CPU.Build.0 = Release|Any CPU
		{957D9C3C-F774-49C7-BFC0-725E52CD20C3}.Debug|Any CPU.ActiveCfg = Debug|Any CPU
		{957D9C3C-F774-49C7-BFC0-725E52CD20C3}.Debug|Any CPU.Build.0 = Debug|Any CPU
		{957D9C3C-F774-49C7-BFC0-725E52CD20C3}.Release|Any CPU.ActiveCfg = Release|Any CPU
		{957D9C3C-F774-49C7-BFC0-725E52CD20C3}.Release|Any CPU.Build.0 = Release|Any CPU
	EndGlobalSection
	GlobalSection(SolutionProperties) = preSolution
		HideSolutionNode = FALSE
	EndGlobalSection
EndGlobal
